
Microsoft Visual Studio Solution File, Format Version 12.00
# Visual Studio 15
Project("{FAE04EC0-301F-11D3-BF4B-00C04F79EFBC}") = "Assembly-CSharp-firstpass", "Assembly-CSharp-firstpass.csproj", "{C5975726-3868-6DE8-CB2B-6B7564669709}"
EndProject
Project("{FAE04EC0-301F-11D3-BF4B-00C04F79EFBC}") = "Assembly-CSharp-Editor-firstpass", "Assembly-CSharp-Editor-firstpass.csproj", "{F3355316-D745-960A-31CA-C5B7358D481C}"
EndProject
Global
	GlobalSection(SolutionConfigurationPlatforms) = preSolution
		Debug|Any CPU = Debug|Any CPU
		Release|Any CPU = Release|Any CPU
	EndGlobalSection
	GlobalSection(ProjectConfigurationPlatforms) = postSolution
		{C5975726-3868-6DE8-CB2B-6B7564669709}.Debug|Any CPU.ActiveCfg = Debug|Any CPU
		{C5975726-3868-6DE8-CB2B-6B7564669709}.Debug|Any CPU.Build.0 = Debug|Any CPU
		{C5975726-3868-6DE8-CB2B-6B7564669709}.Release|Any CPU.ActiveCfg = Release|Any CPU
		{C5975726-3868-6DE8-CB2B-6B7564669709}.Release|Any CPU.Build.0 = Release|Any CPU
		{F3355316-D745-960A-31CA-C5B7358D481C}.Debug|Any CPU.ActiveCfg = Debug|Any CPU
		{F3355316-D745-960A-31CA-C5B7358D481C}.Debug|Any CPU.Build.0 = Debug|Any CPU
		{F3355316-D745-960A-31CA-C5B7358D481C}.Release|Any CPU.ActiveCfg = Release|Any CPU
		{F3355316-D745-960A-31CA-C5B7358D481C}.Release|Any CPU.Build.0 = Release|Any CPU
	EndGlobalSection
	GlobalSection(SolutionProperties) = preSolution
		HideSolutionNode = FALSE
	EndGlobalSection
EndGlobal
